// !$*UTF8*$!
{
	archiveVersion = 1;
	classes = {
	};
	objectVersion = 50;
	objects = {

/* Begin PBXBuildFile section */
		B8372E5E264ABCA2004F63F3 /* XmlVC.swift in Sources */ = {isa = PBXBuildFile; fileRef = B8372E5D264ABCA2004F63F3 /* XmlVC.swift */; };
		B88C50C82641C48F0090E966 /* AppDelegate.swift in Sources */ = {isa = PBXBuildFile; fileRef = B88C50C72641C48F0090E966 /* AppDelegate.swift */; };
		B88C50CA2641C48F0090E966 /* SceneDelegate.swift in Sources */ = {isa = PBXBuildFile; fileRef = B88C50C92641C48F0090E966 /* SceneDelegate.swift */; };
		B88C50CC2641C48F0090E966 /* MainVC.swift in Sources */ = {isa = PBXBuildFile; fileRef = B88C50CB2641C48F0090E966 /* MainVC.swift */; };
		B88C50CF2641C48F0090E966 /* Main.storyboard in Resources */ = {isa = PBXBuildFile; fileRef = B88C50CD2641C48F0090E966 /* Main.storyboard */; };
		B88C50D12641C4910090E966 /* Assets.xcassets in Resources */ = {isa = PBXBuildFile; fileRef = B88C50D02641C4910090E966 /* Assets.xcassets */; };
		B88C50D42641C4910090E966 /* LaunchScreen.storyboard in Resources */ = {isa = PBXBuildFile; fileRef = B88C50D22641C4910090E966 /* LaunchScreen.storyboard */; };
		B88C50E12641CA740090E966 /* SwiftyJSON.swift in Sources */ = {isa = PBXBuildFile; fileRef = B88C50DB2641CA740090E966 /* SwiftyJSON.swift */; };
		B88C50E22641CA740090E966 /* DataSource.swift in Sources */ = {isa = PBXBuildFile; fileRef = B88C50DC2641CA740090E966 /* DataSource.swift */; };
		B88C50E32641CA740090E966 /* SWXMLHash.swift in Sources */ = {isa = PBXBuildFile; fileRef = B88C50DD2641CA740090E966 /* SWXMLHash.swift */; };
		B88C50E42641CA740090E966 /* hw3.xml in Resources */ = {isa = PBXBuildFile; fileRef = B88C50DE2641CA740090E966 /* hw3.xml */; };
		B88C50E52641CA740090E966 /* Record.swift in Sources */ = {isa = PBXBuildFile; fileRef = B88C50DF2641CA740090E966 /* Record.swift */; };
		B88C50E62641CA740090E966 /* hw3.json in Resources */ = {isa = PBXBuildFile; fileRef = B88C50E02641CA740090E966 /* hw3.json */; };
		B88C50E82641CAAB0090E966 /* JsonVC.swift in Sources */ = {isa = PBXBuildFile; fileRef = B88C50E72641CAAB0090E966 /* JsonVC.swift */; };
		B88C50EA2641D1110090E966 /* DetailVC.swift in Sources */ = {isa = PBXBuildFile; fileRef = B88C50E92641D1110090E966 /* DetailVC.swift */; };
/* End PBXBuildFile section */

/* Begin PBXFileReference section */
		B8372E5D264ABCA2004F63F3 /* XmlVC.swift */ = {isa = PBXFileReference; lastKnownFileType = sourcecode.swift; path = XmlVC.swift; sourceTree = "<group>"; };
		B88C50C42641C48F0090E966 /* IsaIshangulyyev_HW3.app */ = {isa = PBXFileReference; explicitFileType = wrapper.application; includeInIndex = 0; path = IsaIshangulyyev_HW3.app; sourceTree = BUILT_PRODUCTS_DIR; };
		B88C50C72641C48F0090E966 /* AppDelegate.swift */ = {isa = PBXFileReference; lastKnownFileType = sourcecode.swift; path = AppDelegate.swift; sourceTree = "<group>"; };
		B88C50C92641C48F0090E966 /* SceneDelegate.swift */ = {isa = PBXFileReference; lastKnownFileType = sourcecode.swift; path = SceneDelegate.swift; sourceTree = "<group>"; };
		B88C50CB2641C48F0090E966 /* MainVC.swift */ = {isa = PBXFileReference; lastKnownFileType = sourcecode.swift; path = MainVC.swift; sourceTree = "<group>"; };
		B88C50CE2641C48F0090E966 /* Base */ = {isa = PBXFileReference; lastKnownFileType = file.storyboard; name = Base; path = Base.lproj/Main.storyboard; sourceTree = "<group>"; };
		B88C50D02641C4910090E966 /* Assets.xcassets */ = {isa = PBXFileReference; lastKnownFileType = folder.assetcatalog; path = Assets.xcassets; sourceTree = "<group>"; };
		B88C50D32641C4910090E966 /* Base */ = {isa = PBXFileReference; lastKnownFileType = file.storyboard; name = Base; path = Base.lproj/LaunchScreen.storyboard; sourceTree = "<group>"; };
		B88C50D52641C4910090E966 /* Info.plist */ = {isa = PBXFileReference; lastKnownFileType = text.plist.xml; path = Info.plist; sourceTree = "<group>"; };
		B88C50DB2641CA740090E966 /* SwiftyJSON.swift */ = {isa = PBXFileReference; fileEncoding = 4; lastKnownFileType = sourcecode.swift; name = SwiftyJSON.swift; path = ../../../../Downloads/HW3/code/SwiftyJSON.swift; sourceTree = "<group>"; };
		B88C50DC2641CA740090E966 /* DataSource.swift */ = {isa = PBXFileReference; fileEncoding = 4; lastKnownFileType = sourcecode.swift; name = DataSource.swift; path = ../../../../Downloads/HW3/code/DataSource.swift; sourceTree = "<group>"; };
		B88C50DD2641CA740090E966 /* SWXMLHash.swift */ = {isa = PBXFileReference; fileEncoding = 4; lastKnownFileType = sourcecode.swift; name = SWXMLHash.swift; path = ../../../../Downloads/HW3/code/SWXMLHash.swift; sourceTree = "<group>"; };
		B88C50DE2641CA740090E966 /* hw3.xml */ = {isa = PBXFileReference; fileEncoding = 4; lastKnownFileType = text.xml; name = hw3.xml; path = ../../../../Downloads/HW3/code/hw3.xml; sourceTree = "<group>"; };
		B88C50DF2641CA740090E966 /* Record.swift */ = {isa = PBXFileReference; fileEncoding = 4; lastKnownFileType = sourcecode.swift; name = Record.swift; path = ../../../../Downloads/HW3/code/Record.swift; sourceTree = "<group>"; };
		B88C50E02641CA740090E966 /* hw3.json */ = {isa = PBXFileReference; fileEncoding = 4; lastKnownFileType = text.json; name = hw3.json; path = ../../../../Downloads/HW3/code/hw3.json; sourceTree = "<group>"; };
		B88C50E72641CAAB0090E966 /* JsonVC.swift */ = {isa = PBXFileReference; lastKnownFileType = sourcecode.swift; path = JsonVC.swift; sourceTree = "<group>"; };
		B88C50E92641D1110090E966 /* DetailVC.swift */ = {isa = PBXFileReference; lastKnownFileType = sourcecode.swift; path = DetailVC.swift; sourceTree = "<group>"; };
/* End PBXFileReference section */

/* Begin PBXFrameworksBuildPhase section */
		B88C50C12641C48F0090E966 /* Frameworks */ = {
			isa = PBXFrameworksBuildPhase;
			buildActionMask = 2147483647;
			files = (
			);
			runOnlyForDeploymentPostprocessing = 0;
		};
/* End PBXFrameworksBuildPhase section */

/* Begin PBXGroup section */
		B88C50BB2641C48F0090E966 = {
			isa = PBXGroup;
			children = (
				B88C50C62641C48F0090E966 /* IsaIshangulyyev_HW3 */,
				B88C50C52641C48F0090E966 /* Products */,
			);
			sourceTree = "<group>";
		};
		B88C50C52641C48F0090E966 /* Products */ = {
			isa = PBXGroup;
			children = (
				B88C50C42641C48F0090E966 /* IsaIshangulyyev_HW3.app */,
			);
			name = Products;
			sourceTree = "<group>";
		};
		B88C50C62641C48F0090E966 /* IsaIshangulyyev_HW3 */ = {
			isa = PBXGroup;
			children = (
				B88C50DC2641CA740090E966 /* DataSource.swift */,
				B88C50E02641CA740090E966 /* hw3.json */,
				B88C50DE2641CA740090E966 /* hw3.xml */,
				B88C50DF2641CA740090E966 /* Record.swift */,
				B88C50DB2641CA740090E966 /* SwiftyJSON.swift */,
				B88C50DD2641CA740090E966 /* SWXMLHash.swift */,
				B88C50C72641C48F0090E966 /* AppDelegate.swift */,
				B88C50C92641C48F0090E966 /* SceneDelegate.swift */,
				B88C50CB2641C48F0090E966 /* MainVC.swift */,
				B88C50CD2641C48F0090E966 /* Main.storyboard */,
				B88C50D02641C4910090E966 /* Assets.xcassets */,
				B88C50D22641C4910090E966 /* LaunchScreen.storyboard */,
				B88C50D52641C4910090E966 /* Info.plist */,
				B88C50E72641CAAB0090E966 /* JsonVC.swift */,
				B88C50E92641D1110090E966 /* DetailVC.swift */,
				B8372E5D264ABCA2004F63F3 /* XmlVC.swift */,
			);
			path = IsaIshangulyyev_HW3;
			sourceTree = "<group>";
		};
/* End PBXGroup section */

/* Begin PBXNativeTarget section */
		B88C50C32641C48F0090E966 /* IsaIshangulyyev_HW3 */ = {
			isa = PBXNativeTarget;
			buildConfigurationList = B88C50D82641C4910090E966 /* Build configuration list for PBXNativeTarget "IsaIshangulyyev_HW3" */;
			buildPhases = (
				B88C50C02641C48F0090E966 /* Sources */,
				B88C50C12641C48F0090E966 /* Frameworks */,
				B88C50C22641C48F0090E966 /* Resources */,
			);
			buildRules = (
			);
			dependencies = (
			);
			name = IsaIshangulyyev_HW3;
			productName = IsaIshangulyyev_HW3;
			productReference = B88C50C42641C48F0090E966 /* IsaIshangulyyev_HW3.app */;
			productType = "com.apple.product-type.application";
		};
/* End PBXNativeTarget section */

/* Begin PBXProject section */
		B88C50BC2641C48F0090E966 /* Project object */ = {
			isa = PBXProject;
			attributes = {
				LastSwiftUpdateCheck = 1250;
				LastUpgradeCheck = 1250;
				TargetAttributes = {
					B88C50C32641C48F0090E966 = {
						CreatedOnToolsVersion = 12.5;
					};
				};
			};
			buildConfigurationList = B88C50BF2641C48F0090E966 /* Build configuration list for PBXProject "IsaIshangulyyev_HW3" */;
			compatibilityVersion = "Xcode 9.3";
			developmentRegion = en;
			hasScannedForEncodings = 0;
			knownRegions = (
				en,
				Base,
			);
			mainGroup = B88C50BB2641C48F0090E966;
			productRefGroup = B88C50C52641C48F0090E966 /* Products */;
			projectDirPath = "";
			projectRoot = "";
			targets = (
				B88C50C32641C48F0090E966 /* IsaIshangulyyev_HW3 */,
			);
		};
/* End PBXProject section */

/* Begin PBXResourcesBuildPhase section */
		B88C50C22641C48F0090E966 /* Resources */ = {
			isa = PBXResourcesBuildPhase;
			buildActionMask = 2147483647;
			files = (
				B88C50E42641CA740090E966 /* hw3.xml in Resources */,
				B88C50D42641C4910090E966 /* LaunchScreen.storyboard in Resources */,
				B88C50D12641C4910090E966 /* Assets.xcassets in Resources */,
				B88C50E62641CA740090E966 /* hw3.json in Resources */,
				B88C50CF2641C48F0090E966 /* Main.storyboard in Resources */,
			);
			runOnlyForDeploymentPostprocessing = 0;
		};
/* End PBXResourcesBuildPhase section */

/* Begin PBXSourcesBuildPhase section */
		B88C50C02641C48F0090E966 /* Sources */ = {
			isa = PBXSourcesBuildPhase;
			buildActionMask = 2147483647;
			files = (
				B88C50CC2641C48F0090E966 /* MainVC.swift in Sources */,
				B88C50E32641CA740090E966 /* SWXMLHash.swift in Sources */,
				B88C50E82641CAAB0090E966 /* JsonVC.swift in Sources */,
				B88C50C82641C48F0090E966 /* AppDelegate.swift in Sources */,
				B88C50CA2641C48F0090E966 /* SceneDelegate.swift in Sources */,
				B88C50EA2641D1110090E966 /* DetailVC.swift in Sources */,
				B8372E5E264ABCA2004F63F3 /* XmlVC.swift in Sources */,
				B88C50E52641CA740090E966 /* Record.swift in Sources */,
				B88C50E22641CA740090E966 /* DataSource.swift in Sources */,
				B88C50E12641CA740090E966 /* SwiftyJSON.swift in Sources */,
			);
			runOnlyForDeploymentPostprocessing = 0;
		};
/* End PBXSourcesBuildPhase section */

/* Begin PBXVariantGroup section */
		B88C50CD2641C48F0090E966 /* Main.storyboard */ = {
			isa = PBXVariantGroup;
			children = (
				B88C50CE2641C48F0090E966 /* Base */,
			);
			name = Main.storyboard;
			sourceTree = "<group>";
		};
		B88C50D22641C4910090E966 /* LaunchScreen.storyboard */ = {
			isa = PBXVariantGroup;
			children = (
				B88C50D32641C4910090E966 /* Base */,
			);
			name = LaunchScreen.storyboard;
			sourceTree = "<group>";
		};
/* End PBXVariantGroup section */

/* Begin XCBuildConfiguration section */
		B88C50D62641C4910090E966 /* Debug */ = {
			isa = XCBuildConfiguration;
			buildSettings = {
				ALWAYS_SEARCH_USER_PATHS = NO;
				CLANG_ANALYZER_NONNULL = YES;
				CLANG_ANALYZER_NUMBER_OBJECT_CONVERSION = YES_AGGRESSIVE;
				CLANG_CXX_LANGUAGE_STANDARD = "gnu++14";
				CLANG_CXX_LIBRARY = "libc++";
				CLANG_ENABLE_MODULES = YES;
				CLANG_ENABLE_OBJC_ARC = YES;
				CLANG_ENABLE_OBJC_WEAK = YES;
				CLANG_WARN_BLOCK_CAPTURE_AUTORELEASING = YES;
				CLANG_WARN_BOOL_CONVERSION = YES;
				CLANG_WARN_COMMA = YES;
				CLANG_WARN_CONSTANT_CONVERSION = YES;
				CLANG_WARN_DEPRECATED_OBJC_IMPLEMENTATIONS = YES;
				CLANG_WARN_DIRECT_OBJC_ISA_USAGE = YES_ERROR;
				CLANG_WARN_DOCUMENTATION_COMMENTS = YES;
				CLANG_WARN_EMPTY_BODY = YES;
				CLANG_WARN_ENUM_CONVERSION = YES;
				CLANG_WARN_INFINITE_RECURSION = YES;
				CLANG_WARN_INT_CONVERSION = YES;
				CLANG_WARN_NON_LITERAL_NULL_CONVERSION = YES;
				CLANG_WARN_OBJC_IMPLICIT_RETAIN_SELF = YES;
				CLANG_WARN_OBJC_LITERAL_CONVERSION = YES;
				CLANG_WARN_OBJC_ROOT_CLASS = YES_ERROR;
				CLANG_WARN_QUOTED_INCLUDE_IN_FRAMEWORK_HEADER = YES;
				CLANG_WARN_RANGE_LOOP_ANALYSIS = YES;
				CLANG_WARN_STRICT_PROTOTYPES = YES;
				CLANG_WARN_SUSPICIOUS_MOVE = YES;
				CLANG_WARN_UNGUARDED_AVAILABILITY = YES_AGGRESSIVE;
				CLANG_WARN_UNREACHABLE_CODE = YES;
				CLANG_WARN__DUPLICATE_METHOD_MATCH = YES;
				COPY_PHASE_STRIP = NO;
				DEBUG_INFORMATION_FORMAT = dwarf;
				ENABLE_STRICT_OBJC_MSGSEND = YES;
				ENABLE_TESTABILITY = YES;
				GCC_C_LANGUAGE_STANDARD = gnu11;
				GCC_DYNAMIC_NO_PIC = NO;
				GCC_NO_COMMON_BLOCKS = YES;
				GCC_OPTIMIZATION_LEVEL = 0;
				GCC_PREPROCESSOR_DEFINITIONS = (
					"DEBUG=1",
					"$(inherited)",
				);
				GCC_WARN_64_TO_32_BIT_CONVERSION = YES;
				GCC_WARN_ABOUT_RETURN_TYPE = YES_ERROR;
				GCC_WARN_UNDECLARED_SELECTOR = YES;
				GCC_WARN_UNINITIALIZED_AUTOS = YES_AGGRESSIVE;
				GCC_WARN_UNUSED_FUNCTION = YES;
				GCC_WARN_UNUSED_VARIABLE = YES;
				IPHONEOS_DEPLOYMENT_TARGET = 14.5;
				MTL_ENABLE_DEBUG_INFO = INCLUDE_SOURCE;
				MTL_FAST_MATH = YES;
				ONLY_ACTIVE_ARCH = YES;
				SDKROOT = iphoneos;
				SWIFT_ACTIVE_COMPILATION_CONDITIONS = DEBUG;
				SWIFT_OPTIMIZATION_LEVEL = "-Onone";
			};
			name = Debug;
		};
		B88C50D72641C4910090E966 /* Release */ = {
			isa = XCBuildConfiguration;
			buildSettings = {
				ALWAYS_SEARCH_USER_PATHS = NO;
				CLANG_ANALYZER_NONNULL = YES;
				CLANG_ANALYZER_NUMBER_OBJECT_CONVERSION = YES_AGGRESSIVE;
				CLANG_CXX_LANGUAGE_STANDARD = "gnu++14";
				CLANG_CXX_LIBRARY = "libc++";
				CLANG_ENABLE_MODULES = YES;
				CLANG_ENABLE_OBJC_ARC = YES;
				CLANG_ENABLE_OBJC_WEAK = YES;
				CLANG_WARN_BLOCK_CAPTURE_AUTORELEASING = YES;
				CLANG_WARN_BOOL_CONVERSION = YES;
				CLANG_WARN_COMMA = YES;
				CLANG_WARN_CONSTANT_CONVERSION = YES;
				CLANG_WARN_DEPRECATED_OBJC_IMPLEMENTATIONS = YES;
				CLANG_WARN_DIRECT_OBJC_ISA_USAGE = YES_ERROR;
				CLANG_WARN_DOCUMENTATION_COMMENTS = YES;
				CLANG_WARN_EMPTY_BODY = YES;
				CLANG_WARN_ENUM_CONVERSION = YES;
				CLANG_WARN_INFINITE_RECURSION = YES;
				CLANG_WARN_INT_CONVERSION = YES;
				CLANG_WARN_NON_LITERAL_NULL_CONVERSION = YES;
				CLANG_WARN_OBJC_IMPLICIT_RETAIN_SELF = YES;
				CLANG_WARN_OBJC_LITERAL_CONVERSION = YES;
				CLANG_WARN_OBJC_ROOT_CLASS = YES_ERROR;
				CLANG_WARN_QUOTED_INCLUDE_IN_FRAMEWORK_HEADER = YES;
				CLANG_WARN_RANGE_LOOP_ANALYSIS = YES;
				CLANG_WARN_STRICT_PROTOTYPES = YES;
				CLANG_WARN_SUSPICIOUS_MOVE = YES;
				CLANG_WARN_UNGUARDED_AVAILABILITY = YES_AGGRESSIVE;
				CLANG_WARN_UNREACHABLE_CODE = YES;
				CLANG_WARN__DUPLICATE_METHOD_MATCH = YES;
				COPY_PHASE_STRIP = NO;
				DEBUG_INFORMATION_FORMAT = "dwarf-with-dsym";
				ENABLE_NS_ASSERTIONS = NO;
				ENABLE_STRICT_OBJC_MSGSEND = YES;
				GCC_C_LANGUAGE_STANDARD = gnu11;
				GCC_NO_COMMON_BLOCKS = YES;
				GCC_WARN_64_TO_32_BIT_CONVERSION = YES;
				GCC_WARN_ABOUT_RETURN_TYPE = YES_ERROR;
				GCC_WARN_UNDECLARED_SELECTOR = YES;
				GCC_WARN_UNINITIALIZED_AUTOS = YES_AGGRESSIVE;
				GCC_WARN_UNUSED_FUNCTION = YES;
				GCC_WARN_UNUSED_VARIABLE = YES;
				IPHONEOS_DEPLOYMENT_TARGET = 14.5;
				MTL_ENABLE_DEBUG_INFO = NO;
				MTL_FAST_MATH = YES;
				SDKROOT = iphoneos;
				SWIFT_COMPILATION_MODE = wholemodule;
				SWIFT_OPTIMIZATION_LEVEL = "-O";
				VALIDATE_PRODUCT = YES;
			};
			name = Release;
		};
		B88C50D92641C4910090E966 /* Debug */ = {
			isa = XCBuildConfiguration;
			buildSettings = {
				ASSETCATALOG_COMPILER_APPICON_NAME = AppIcon;
				ASSETCATALOG_COMPILER_GLOBAL_ACCENT_COLOR_NAME = AccentColor;
				CODE_SIGN_STYLE = Automatic;
				INFOPLIST_FILE = IsaIshangulyyev_HW3/Info.plist;
				LD_RUNPATH_SEARCH_PATHS = (
					"$(inherited)",
					"@executable_path/Frameworks",
				);
				PRODUCT_BUNDLE_IDENTIFIER = "com.ishangulyyev.IsaIshangulyyev-HW3";
				PRODUCT_NAME = "$(TARGET_NAME)";
				SWIFT_VERSION = 5.0;
				TARGETED_DEVICE_FAMILY = "1,2";
			};
			name = Debug;
		};
		B88C50DA2641C4910090E966 /* Release */ = {
			isa = XCBuildConfiguration;
			buildSettings = {
				ASSETCATALOG_COMPILER_APPICON_NAME = AppIcon;
				ASSETCATALOG_COMPILER_GLOBAL_ACCENT_COLOR_NAME = AccentColor;
				CODE_SIGN_STYLE = Automatic;
				INFOPLIST_FILE = IsaIshangulyyev_HW3/Info.plist;
				LD_RUNPATH_SEARCH_PATHS = (
					"$(inherited)",
					"@executable_path/Frameworks",
				);
				PRODUCT_BUNDLE_IDENTIFIER = "com.ishangulyyev.IsaIshangulyyev-HW3";
				PRODUCT_NAME = "$(TARGET_NAME)";
				SWIFT_VERSION = 5.0;
				TARGETED_DEVICE_FAMILY = "1,2";
			};
			name = Release;
		};
/* End XCBuildConfiguration section */

/* Begin XCConfigurationList section */
		B88C50BF2641C48F0090E966 /* Build configuration list for PBXProject "IsaIshangulyyev_HW3" */ = {
			isa = XCConfigurationList;
			buildConfigurations = (
				B88C50D62641C4910090E966 /* Debug */,
				B88C50D72641C4910090E966 /* Release */,
			);
			defaultConfigurationIsVisible = 0;
			defaultConfigurationName = Release;
		};
		B88C50D82641C4910090E966 /* Build configuration list for PBXNativeTarget "IsaIshangulyyev_HW3" */ = {
			isa = XCConfigurationList;
			buildConfigurations = (
				B88C50D92641C4910090E966 /* Debug */,
				B88C50DA2641C4910090E966 /* Release */,
			);
			defaultConfigurationIsVisible = 0;
			defaultConfigurationName = Release;
		};
/* End XCConfigurationList section */
	};
	rootObject = B88C50BC2641C48F0090E966 /* Project object */;
}
